PODS:
  - Capacitor (3.3.2):
    - CapacitorCordova
  - CapacitorCordova (3.3.2)
  - StripeTerminal (2.4.0)

DEPENDENCIES:
  - "Capacitor (from `../node_modules/@capacitor/ios`)"
  - "CapacitorCordova (from `../node_modules/@capacitor/ios`)"
  - StripeTerminal (= 2.4.0)

SPEC REPOS:
  trunk:
    - StripeTerminal

EXTERNAL SOURCES:
  Capacitor:
    :path: "../node_modules/@capacitor/ios"
  CapacitorCordova:
    :path: "../node_modules/@capacitor/ios"

SPEC CHECKSUMS:
  Capacitor: b8a7b81d33f3b7dcf934e2efc833feb6a1a8495f
  CapacitorCordova: a971c79c2186c6291c839c855ef2c31d0ca26ede
  StripeTerminal: da566fa62a4e7bbf0510dd27614f3087293cd79e

PODFILE CHECKSUM: 78b45ea836dc38bcfad5b36e9ffea47f1912e2ca

COCOAPODS: 1.10.2
