PODS:
  - Capacitor (3.2.5):
    - CapacitorCordova
  - CapacitorCordova (3.2.5)
  - StripeTerminal (2.3.0)

DEPENDENCIES:
  - "Capacitor (from `../node_modules/@capacitor/ios`)"
  - "CapacitorCordova (from `../node_modules/@capacitor/ios`)"
  - StripeTerminal (= 2.3.0)

SPEC REPOS:
  trunk:
    - StripeTerminal

EXTERNAL SOURCES:
  Capacitor:
    :path: "../node_modules/@capacitor/ios"
  CapacitorCordova:
    :path: "../node_modules/@capacitor/ios"

SPEC CHECKSUMS:
  Capacitor: 32416638f82066f863d7cd85d6f738b5cc2797d2
  CapacitorCordova: e2ae8ac0f7ff5bc7bebaa5fa41afe0300e66837b
  StripeTerminal: c53f6bc71c11b11867992478b1806a7c6ec16c0f

PODFILE CHECKSUM: 98d62e364fc367d9eca07a7e477ac874ba891de9

COCOAPODS: 1.10.2
